
Microsoft Visual Studio Solution File, Format Version 12.00
# Visual Studio 15
VisualStudioVersion = 15.0.27004.2006
MinimumVisualStudioVersion = 10.0.40219.1
Project("{FAE04EC0-301F-11D3-BF4B-00C04F79EFBC}") = "Server", "CardsGame\Server.csproj", "{8EF07E80-6D62-4396-90EC-08942D3C654E}"
EndProject
Project("{FAE04EC0-301F-11D3-BF4B-00C04F79EFBC}") = "Client", "Client\Client.csproj", "{397B2A19-EF63-4A66-8657-AD92756A3B67}"
EndProject
Global
	GlobalSection(SolutionConfigurationPlatforms) = preSolution
		Debug|Any CPU = Debug|Any CPU
		Release|Any CPU = Release|Any CPU
	EndGlobalSection
	GlobalSection(ProjectConfigurationPlatforms) = postSolution
		{8EF07E80-6D62-4396-90EC-08942D3C654E}.Debug|Any CPU.ActiveCfg = Debug|Any CPU
		{8EF07E80-6D62-4396-90EC-08942D3C654E}.Debug|Any CPU.Build.0 = Debug|Any CPU
		{8EF07E80-6D62-4396-90EC-08942D3C654E}.Release|Any CPU.ActiveCfg = Release|Any CPU
		{8EF07E80-6D62-4396-90EC-08942D3C654E}.Release|Any CPU.Build.0 = Release|Any CPU
		{397B2A19-EF63-4A66-8657-AD92756A3B67}.Debug|Any CPU.ActiveCfg = Debug|Any CPU
		{397B2A19-EF63-4A66-8657-AD92756A3B67}.Debug|Any CPU.Build.0 = Debug|Any CPU
		{397B2A19-EF63-4A66-8657-AD92756A3B67}.Release|Any CPU.ActiveCfg = Release|Any CPU
		{397B2A19-EF63-4A66-8657-AD92756A3B67}.Release|Any CPU.Build.0 = Release|Any CPU
	EndGlobalSection
	GlobalSection(SolutionProperties) = preSolution
		HideSolutionNode = FALSE
	EndGlobalSection
	GlobalSection(ExtensibilityGlobals) = postSolution
		SolutionGuid = {E4951B54-B372-4C0F-AE6D-1BD2658C7C29}
	EndGlobalSection
EndGlobal
